Microsoft Visual Studio Solution File, Format Version 12.00
# Visual Studio Version 17
VisualStudioVersion = 17.5.2.0
MinimumVisualStudioVersion = 10.0.40219.1
Project("{FAE04EC0-301F-11D3-BF4B-00C04F79EFBC}") = "Curso", "Curso\Curso.csproj", "{86A98785-C8A1-A598-9375-8111CDF6981F}"
EndProject
Project("{FAE04EC0-301F-11D3-BF4B-00C04F79EFBC}") = "Desafio", "Desafio\Desafio.csproj", "{71B218EB-F312-0E59-AAAE-8B77C8DBEB54}"
EndProject
Global
	GlobalSection(SolutionConfigurationPlatforms) = preSolution
		Debug|Any CPU = Debug|Any CPU
		Release|Any CPU = Release|Any CPU
	EndGlobalSection
	GlobalSection(ProjectConfigurationPlatforms) = postSolution
		{86A98785-C8A1-A598-9375-8111CDF6981F}.Debug|Any CPU.ActiveCfg = Debug|Any CPU
		{86A98785-C8A1-A598-9375-8111CDF6981F}.Debug|Any CPU.Build.0 = Debug|Any CPU
		{86A98785-C8A1-A598-9375-8111CDF6981F}.Release|Any CPU.ActiveCfg = Release|Any CPU
		{86A98785-C8A1-A598-9375-8111CDF6981F}.Release|Any CPU.Build.0 = Release|Any CPU
		{71B218EB-F312-0E59-AAAE-8B77C8DBEB54}.Debug|Any CPU.ActiveCfg = Debug|Any CPU
		{71B218EB-F312-0E59-AAAE-8B77C8DBEB54}.Debug|Any CPU.Build.0 = Debug|Any CPU
		{71B218EB-F312-0E59-AAAE-8B77C8DBEB54}.Release|Any CPU.ActiveCfg = Release|Any CPU
		{71B218EB-F312-0E59-AAAE-8B77C8DBEB54}.Release|Any CPU.Build.0 = Release|Any CPU
	EndGlobalSection
	GlobalSection(SolutionProperties) = preSolution
		HideSolutionNode = FALSE
	EndGlobalSection
	GlobalSection(ExtensibilityGlobals) = postSolution
		SolutionGuid = {DF3F6BF5-9A19-421D-AAE0-A61272BFE761}
	EndGlobalSection
EndGlobal
